// !$*UTF8*$!
{
	archiveVersion = 1;
	classes = {
	};
	objectVersion = 46;
	objects = {

/* Begin PBXBuildFile section */
		9AD482AF1BDBEDED0053A83F /* main.m in Sources */ = {isa = PBXBuildFile; fileRef = 9AD482AE1BDBEDED0053A83F /* main.m */; };
		9AD482B21BDBEDED0053A83F /* AppDelegate.m in Sources */ = {isa = PBXBuildFile; fileRef = 9AD482B11BDBEDED0053A83F /* AppDelegate.m */; };
		9AD482B51BDBEDED0053A83F /* ViewController.m in Sources */ = {isa = PBXBuildFile; fileRef = 9AD482B41BDBEDED0053A83F /* ViewController.m */; };
		9AD482B81BDBEDED0053A83F /* Main.storyboard in Resources */ = {isa = PBXBuildFile; fileRef = 9AD482B61BDBEDED0053A83F /* Main.storyboard */; };
		9AD482BA1BDBEDED0053A83F /* Assets.xcassets in Resources */ = {isa = PBXBuildFile; fileRef = 9AD482B91BDBEDED0053A83F /* Assets.xcassets */; };
		9AD482D31BDBEF810053A83F /* NSError+KMQToolKitTests.m in Sources */ = {isa = PBXBuildFile; fileRef = 9AD482D21BDBEF810053A83F /* NSError+KMQToolKitTests.m */; settings = {ASSET_TAGS = (); }; };
		9AD482D51BDBEFEA0053A83F /* errors.plist in Resources */ = {isa = PBXBuildFile; fileRef = 9AD482D41BDBEFEA0053A83F /* errors.plist */; settings = {ASSET_TAGS = (); }; };
		9AD482DC1BDBF0A80053A83F /* NSError+KMQErrorCode.m in Sources */ = {isa = PBXBuildFile; fileRef = 9AD482D91BDBF0A80053A83F /* NSError+KMQErrorCode.m */; settings = {ASSET_TAGS = (); }; };
		9AD482DD1BDBF0A80053A83F /* NSError+KMQErrorDomain.m in Sources */ = {isa = PBXBuildFile; fileRef = 9AD482DB1BDBF0A80053A83F /* NSError+KMQErrorDomain.m */; settings = {ASSET_TAGS = (); }; };
		9AD482E11BDC10820053A83F /* UIColor+KMQToolKitTests.m in Sources */ = {isa = PBXBuildFile; fileRef = 9AD482E01BDC10820053A83F /* UIColor+KMQToolKitTests.m */; settings = {ASSET_TAGS = (); }; };
		9AD482E31BDC10BA0053A83F /* colors.plist in Resources */ = {isa = PBXBuildFile; fileRef = 9AD482E21BDC10BA0053A83F /* colors.plist */; settings = {ASSET_TAGS = (); }; };
		9AD482E91BDD37CB0053A83F /* KMQValidatorTests.m in Sources */ = {isa = PBXBuildFile; fileRef = 9AD482E81BDD37CB0053A83F /* KMQValidatorTests.m */; settings = {ASSET_TAGS = (); }; };
		9AD482EF1BDD4A9B0053A83F /* NSArray+KMQToolKitTests.m in Sources */ = {isa = PBXBuildFile; fileRef = 9AD482EE1BDD4A9B0053A83F /* NSArray+KMQToolKitTests.m */; settings = {ASSET_TAGS = (); }; };
		9AD482F11BDD4F300053A83F /* NSDictionary+KMQToolKitTests.m in Sources */ = {isa = PBXBuildFile; fileRef = 9AD482F01BDD4F300053A83F /* NSDictionary+KMQToolKitTests.m */; settings = {ASSET_TAGS = (); }; };
		A91064F343030DA2CD1B60CD /* libPods-KMQToolKitTestsTests.a in Frameworks */ = {isa = PBXBuildFile; fileRef = 915EBBD298058B4E85E8FECD /* libPods-KMQToolKitTestsTests.a */; };
/* End PBXBuildFile section */

/* Begin PBXContainerItemProxy section */
		9AD482C41BDBEDEE0053A83F /* PBXContainerItemProxy */ = {
			isa = PBXContainerItemProxy;
			containerPortal = 9AD482A21BDBEDED0053A83F /* Project object */;
			proxyType = 1;
			remoteGlobalIDString = 9AD482A91BDBEDED0053A83F;
			remoteInfo = KMQToolKitTests;
		};
/* End PBXContainerItemProxy section */

/* Begin PBXFileReference section */
		7209E093FE27351EFB4A52D0 /* Pods-KMQToolKitTestsTests.release.xcconfig */ = {isa = PBXFileReference; includeInIndex = 1; lastKnownFileType = text.xcconfig; name = "Pods-KMQToolKitTestsTests.release.xcconfig"; path = "Pods/Target Support Files/Pods-KMQToolKitTestsTests/Pods-KMQToolKitTestsTests.release.xcconfig"; sourceTree = "<group>"; };
		915EBBD298058B4E85E8FECD /* libPods-KMQToolKitTestsTests.a */ = {isa = PBXFileReference; explicitFileType = archive.ar; includeInIndex = 0; path = "libPods-KMQToolKitTestsTests.a"; sourceTree = BUILT_PRODUCTS_DIR; };
		9AD482AA1BDBEDED0053A83F /* KMQToolKitTests.app */ = {isa = PBXFileReference; explicitFileType = wrapper.application; includeInIndex = 0; path = KMQToolKitTests.app; sourceTree = BUILT_PRODUCTS_DIR; };
		9AD482AE1BDBEDED0053A83F /* main.m */ = {isa = PBXFileReference; lastKnownFileType = sourcecode.c.objc; path = main.m; sourceTree = "<group>"; };
		9AD482B01BDBEDED0053A83F /* AppDelegate.h */ = {isa = PBXFileReference; lastKnownFileType = sourcecode.c.h; path = AppDelegate.h; sourceTree = "<group>"; };
		9AD482B11BDBEDED0053A83F /* AppDelegate.m */ = {isa = PBXFileReference; lastKnownFileType = sourcecode.c.objc; path = AppDelegate.m; sourceTree = "<group>"; };
		9AD482B31BDBEDED0053A83F /* ViewController.h */ = {isa = PBXFileReference; lastKnownFileType = sourcecode.c.h; path = ViewController.h; sourceTree = "<group>"; };
		9AD482B41BDBEDED0053A83F /* ViewController.m */ = {isa = PBXFileReference; lastKnownFileType = sourcecode.c.objc; path = ViewController.m; sourceTree = "<group>"; };
		9AD482B71BDBEDED0053A83F /* Base */ = {isa = PBXFileReference; lastKnownFileType = file.storyboard; name = Base; path = Base.lproj/Main.storyboard; sourceTree = "<group>"; };
		9AD482B91BDBEDED0053A83F /* Assets.xcassets */ = {isa = PBXFileReference; lastKnownFileType = folder.assetcatalog; path = Assets.xcassets; sourceTree = "<group>"; };
		9AD482BE1BDBEDED0053A83F /* Info.plist */ = {isa = PBXFileReference; lastKnownFileType = text.plist.xml; path = Info.plist; sourceTree = "<group>"; };
		9AD482C31BDBEDEE0053A83F /* KMQToolKitTestsTests.xctest */ = {isa = PBXFileReference; explicitFileType = wrapper.cfbundle; includeInIndex = 0; path = KMQToolKitTestsTests.xctest; sourceTree = BUILT_PRODUCTS_DIR; };
		9AD482C91BDBEDEE0053A83F /* Info.plist */ = {isa = PBXFileReference; lastKnownFileType = text.plist.xml; path = Info.plist; sourceTree = "<group>"; };
		9AD482D21BDBEF810053A83F /* NSError+KMQToolKitTests.m */ = {isa = PBXFileReference; fileEncoding = 4; lastKnownFileType = sourcecode.c.objc; path = "NSError+KMQToolKitTests.m"; sourceTree = "<group>"; };
		9AD482D41BDBEFEA0053A83F /* errors.plist */ = {isa = PBXFileReference; fileEncoding = 4; lastKnownFileType = text.plist.xml; path = errors.plist; sourceTree = "<group>"; };
		9AD482D81BDBF0A80053A83F /* NSError+KMQErrorCode.h */ = {isa = PBXFileReference; fileEncoding = 4; lastKnownFileType = sourcecode.c.h; path = "NSError+KMQErrorCode.h"; sourceTree = "<group>"; };
		9AD482D91BDBF0A80053A83F /* NSError+KMQErrorCode.m */ = {isa = PBXFileReference; fileEncoding = 4; lastKnownFileType = sourcecode.c.objc; path = "NSError+KMQErrorCode.m"; sourceTree = "<group>"; };
		9AD482DA1BDBF0A80053A83F /* NSError+KMQErrorDomain.h */ = {isa = PBXFileReference; fileEncoding = 4; lastKnownFileType = sourcecode.c.h; path = "NSError+KMQErrorDomain.h"; sourceTree = "<group>"; };
		9AD482DB1BDBF0A80053A83F /* NSError+KMQErrorDomain.m */ = {isa = PBXFileReference; fileEncoding = 4; lastKnownFileType = sourcecode.c.objc; path = "NSError+KMQErrorDomain.m"; sourceTree = "<group>"; };
		9AD482E01BDC10820053A83F /* UIColor+KMQToolKitTests.m */ = {isa = PBXFileReference; fileEncoding = 4; lastKnownFileType = sourcecode.c.objc; path = "UIColor+KMQToolKitTests.m"; sourceTree = "<group>"; };
		9AD482E21BDC10BA0053A83F /* colors.plist */ = {isa = PBXFileReference; fileEncoding = 4; lastKnownFileType = text.plist.xml; path = colors.plist; sourceTree = "<group>"; };
		9AD482E81BDD37CB0053A83F /* KMQValidatorTests.m */ = {isa = PBXFileReference; fileEncoding = 4; lastKnownFileType = sourcecode.c.objc; path = KMQValidatorTests.m; sourceTree = "<group>"; };
		9AD482EE1BDD4A9B0053A83F /* NSArray+KMQToolKitTests.m */ = {isa = PBXFileReference; fileEncoding = 4; lastKnownFileType = sourcecode.c.objc; path = "NSArray+KMQToolKitTests.m"; sourceTree = "<group>"; };
		9AD482F01BDD4F300053A83F /* NSDictionary+KMQToolKitTests.m */ = {isa = PBXFileReference; fileEncoding = 4; lastKnownFileType = sourcecode.c.objc; path = "NSDictionary+KMQToolKitTests.m"; sourceTree = "<group>"; };
		A65D14730581E86B06366530 /* Pods-KMQToolKitTestsTests.debug.xcconfig */ = {isa = PBXFileReference; includeInIndex = 1; lastKnownFileType = text.xcconfig; name = "Pods-KMQToolKitTestsTests.debug.xcconfig"; path = "Pods/Target Support Files/Pods-KMQToolKitTestsTests/Pods-KMQToolKitTestsTests.debug.xcconfig"; sourceTree = "<group>"; };
/* End PBXFileReference section */

/* Begin PBXFrameworksBuildPhase section */
		9AD482A71BDBEDED0053A83F /* Frameworks */ = {
			isa = PBXFrameworksBuildPhase;
			buildActionMask = 2147483647;
			files = (
			);
			runOnlyForDeploymentPostprocessing = 0;
		};
		9AD482C01BDBEDEE0053A83F /* Frameworks */ = {
			isa = PBXFrameworksBuildPhase;
			buildActionMask = 2147483647;
			files = (
				A91064F343030DA2CD1B60CD /* libPods-KMQToolKitTestsTests.a in Frameworks */,
			);
			runOnlyForDeploymentPostprocessing = 0;
		};
/* End PBXFrameworksBuildPhase section */

/* Begin PBXGroup section */
		9AD482A11BDBEDED0053A83F = {
			isa = PBXGroup;
			children = (
				9AD482AC1BDBEDED0053A83F /* KMQToolKitTests */,
				9AD482C61BDBEDEE0053A83F /* KMQToolKitTestsTests */,
				9AD482AB1BDBEDED0053A83F /* Products */,
				9DD89E7DB449ECE3856625F1 /* Pods */,
				D0C93CB296CAEAE818723EFC /* Frameworks */,
			);
			sourceTree = "<group>";
		};
		9AD482AB1BDBEDED0053A83F /* Products */ = {
			isa = PBXGroup;
			children = (
				9AD482AA1BDBEDED0053A83F /* KMQToolKitTests.app */,
				9AD482C31BDBEDEE0053A83F /* KMQToolKitTestsTests.xctest */,
			);
			name = Products;
			sourceTree = "<group>";
		};
		9AD482AC1BDBEDED0053A83F /* KMQToolKitTests */ = {
			isa = PBXGroup;
			children = (
				9AD482B01BDBEDED0053A83F /* AppDelegate.h */,
				9AD482B11BDBEDED0053A83F /* AppDelegate.m */,
				9AD482B31BDBEDED0053A83F /* ViewController.h */,
				9AD482B41BDBEDED0053A83F /* ViewController.m */,
				9AD482B61BDBEDED0053A83F /* Main.storyboard */,
				9AD482B91BDBEDED0053A83F /* Assets.xcassets */,
				9AD482BE1BDBEDED0053A83F /* Info.plist */,
				9AD482AD1BDBEDED0053A83F /* Supporting Files */,
			);
			path = KMQToolKitTests;
			sourceTree = "<group>";
		};
		9AD482AD1BDBEDED0053A83F /* Supporting Files */ = {
			isa = PBXGroup;
			children = (
				9AD482AE1BDBEDED0053A83F /* main.m */,
			);
			name = "Supporting Files";
			sourceTree = "<group>";
		};
		9AD482C61BDBEDEE0053A83F /* KMQToolKitTestsTests */ = {
			isa = PBXGroup;
			children = (
				9AD482DF1BDBF0B50053A83F /* Generated */,
				9AD482D71BDBEFF80053A83F /* Tests */,
				9AD482D61BDBEFEE0053A83F /* Resource */,
				9AD482C91BDBEDEE0053A83F /* Info.plist */,
			);
			path = KMQToolKitTestsTests;
			sourceTree = "<group>";
		};
		9AD482D61BDBEFEE0053A83F /* Resource */ = {
			isa = PBXGroup;
			children = (
				9AD482D41BDBEFEA0053A83F /* errors.plist */,
				9AD482E21BDC10BA0053A83F /* colors.plist */,
			);
			name = Resource;
			sourceTree = "<group>";
		};
		9AD482D71BDBEFF80053A83F /* Tests */ = {
			isa = PBXGroup;
			children = (
				9AD482D21BDBEF810053A83F /* NSError+KMQToolKitTests.m */,
				9AD482E01BDC10820053A83F /* UIColor+KMQToolKitTests.m */,
				9AD482E81BDD37CB0053A83F /* KMQValidatorTests.m */,
				9AD482EE1BDD4A9B0053A83F /* NSArray+KMQToolKitTests.m */,
				9AD482F01BDD4F300053A83F /* NSDictionary+KMQToolKitTests.m */,
			);
			name = Tests;
			sourceTree = "<group>";
		};
		9AD482DF1BDBF0B50053A83F /* Generated */ = {
			isa = PBXGroup;
			children = (
				9AD482D81BDBF0A80053A83F /* NSError+KMQErrorCode.h */,
				9AD482D91BDBF0A80053A83F /* NSError+KMQErrorCode.m */,
				9AD482DA1BDBF0A80053A83F /* NSError+KMQErrorDomain.h */,
				9AD482DB1BDBF0A80053A83F /* NSError+KMQErrorDomain.m */,
			);
			name = Generated;
			sourceTree = "<group>";
		};
		9DD89E7DB449ECE3856625F1 /* Pods */ = {
			isa = PBXGroup;
			children = (
				A65D14730581E86B06366530 /* Pods-KMQToolKitTestsTests.debug.xcconfig */,
				7209E093FE27351EFB4A52D0 /* Pods-KMQToolKitTestsTests.release.xcconfig */,
			);
			name = Pods;
			sourceTree = "<group>";
		};
		D0C93CB296CAEAE818723EFC /* Frameworks */ = {
			isa = PBXGroup;
			children = (
				915EBBD298058B4E85E8FECD /* libPods-KMQToolKitTestsTests.a */,
			);
			name = Frameworks;
			sourceTree = "<group>";
		};
/* End PBXGroup section */

/* Begin PBXNativeTarget section */
		9AD482A91BDBEDED0053A83F /* KMQToolKitTests */ = {
			isa = PBXNativeTarget;
			buildConfigurationList = 9AD482CC1BDBEDEE0053A83F /* Build configuration list for PBXNativeTarget "KMQToolKitTests" */;
			buildPhases = (
				9AD482A61BDBEDED0053A83F /* Sources */,
				9AD482A71BDBEDED0053A83F /* Frameworks */,
				9AD482A81BDBEDED0053A83F /* Resources */,
			);
			buildRules = (
			);
			dependencies = (
			);
			name = KMQToolKitTests;
			productName = KMQToolKitTests;
			productReference = 9AD482AA1BDBEDED0053A83F /* KMQToolKitTests.app */;
			productType = "com.apple.product-type.application";
		};
		9AD482C21BDBEDEE0053A83F /* KMQToolKitTestsTests */ = {
			isa = PBXNativeTarget;
			buildConfigurationList = 9AD482CF1BDBEDEE0053A83F /* Build configuration list for PBXNativeTarget "KMQToolKitTestsTests" */;
			buildPhases = (
				9AD482BF1BDBEDEE0053A83F /* Sources */,
				9AD482C01BDBEDEE0053A83F /* Frameworks */,
				9AD482C11BDBEDEE0053A83F /* Resources */,
				93DCA8F25AE75B6988A41B6E /* Embed Pods Frameworks */,
				2822262F9965E9F2875A4614 /* Copy Pods Resources */,
			);
			buildRules = (
			);
			dependencies = (
				9AD482C51BDBEDEE0053A83F /* PBXTargetDependency */,
			);
			name = KMQToolKitTestsTests;
			productName = KMQToolKitTestsTests;
			productReference = 9AD482C31BDBEDEE0053A83F /* KMQToolKitTestsTests.xctest */;
			productType = "com.apple.product-type.bundle.unit-test";
		};
/* End PBXNativeTarget section */

/* Begin PBXProject section */
		9AD482A21BDBEDED0053A83F /* Project object */ = {
			isa = PBXProject;
			attributes = {
				LastUpgradeCheck = 0700;
				ORGANIZATIONNAME = Kumiq;
				TargetAttributes = {
					9AD482A91BDBEDED0053A83F = {
						CreatedOnToolsVersion = 7.0.1;
						DevelopmentTeam = 6BQ5V93PEG;
					};
					9AD482C21BDBEDEE0053A83F = {
						CreatedOnToolsVersion = 7.0.1;
						DevelopmentTeam = 6BQ5V93PEG;
						TestTargetID = 9AD482A91BDBEDED0053A83F;
					};
				};
			};
			buildConfigurationList = 9AD482A51BDBEDED0053A83F /* Build configuration list for PBXProject "KMQToolKitTests" */;
			compatibilityVersion = "Xcode 3.2";
			developmentRegion = English;
			hasScannedForEncodings = 0;
			knownRegions = (
				en,
				Base,
			);
			mainGroup = 9AD482A11BDBEDED0053A83F;
			productRefGroup = 9AD482AB1BDBEDED0053A83F /* Products */;
			projectDirPath = "";
			projectRoot = "";
			targets = (
				9AD482A91BDBEDED0053A83F /* KMQToolKitTests */,
				9AD482C21BDBEDEE0053A83F /* KMQToolKitTestsTests */,
			);
		};
/* End PBXProject section */

/* Begin PBXResourcesBuildPhase section */
		9AD482A81BDBEDED0053A83F /* Resources */ = {
			isa = PBXResourcesBuildPhase;
			buildActionMask = 2147483647;
			files = (
				9AD482BA1BDBEDED0053A83F /* Assets.xcassets in Resources */,
				9AD482B81BDBEDED0053A83F /* Main.storyboard in Resources */,
			);
			runOnlyForDeploymentPostprocessing = 0;
		};
		9AD482C11BDBEDEE0053A83F /* Resources */ = {
			isa = PBXResourcesBuildPhase;
			buildActionMask = 2147483647;
			files = (
				9AD482E31BDC10BA0053A83F /* colors.plist in Resources */,
				9AD482D51BDBEFEA0053A83F /* errors.plist in Resources */,
			);
			runOnlyForDeploymentPostprocessing = 0;
		};
/* End PBXResourcesBuildPhase section */

/* Begin PBXShellScriptBuildPhase section */
		2822262F9965E9F2875A4614 /* Copy Pods Resources */ = {
			isa = PBXShellScriptBuildPhase;
			buildActionMask = 2147483647;
			files = (
			);
			inputPaths = (
			);
			name = "Copy Pods Resources";
			outputPaths = (
			);
			runOnlyForDeploymentPostprocessing = 0;
			shellPath = /bin/sh;
			shellScript = "\"${SRCROOT}/Pods/Target Support Files/Pods-KMQToolKitTestsTests/Pods-KMQToolKitTestsTests-resources.sh\"\n";
			showEnvVarsInLog = 0;
		};
		93DCA8F25AE75B6988A41B6E /* Embed Pods Frameworks */ = {
			isa = PBXShellScriptBuildPhase;
			buildActionMask = 2147483647;
			files = (
			);
			inputPaths = (
			);
			name = "Embed Pods Frameworks";
			outputPaths = (
			);
			runOnlyForDeploymentPostprocessing = 0;
			shellPath = /bin/sh;
			shellScript = "\"${SRCROOT}/Pods/Target Support Files/Pods-KMQToolKitTestsTests/Pods-KMQToolKitTestsTests-frameworks.sh\"\n";
			showEnvVarsInLog = 0;
		};
/* End PBXShellScriptBuildPhase section */

/* Begin PBXSourcesBuildPhase section */
		9AD482A61BDBEDED0053A83F /* Sources */ = {
			isa = PBXSourcesBuildPhase;
			buildActionMask = 2147483647;
			files = (
				9AD482B51BDBEDED0053A83F /* ViewController.m in Sources */,
				9AD482B21BDBEDED0053A83F /* AppDelegate.m in Sources */,
				9AD482AF1BDBEDED0053A83F /* main.m in Sources */,
			);
			runOnlyForDeploymentPostprocessing = 0;
		};
		9AD482BF1BDBEDEE0053A83F /* Sources */ = {
			isa = PBXSourcesBuildPhase;
			buildActionMask = 2147483647;
			files = (
				9AD482D31BDBEF810053A83F /* NSError+KMQToolKitTests.m in Sources */,
				9AD482DD1BDBF0A80053A83F /* NSError+KMQErrorDomain.m in Sources */,
				9AD482E11BDC10820053A83F /* UIColor+KMQToolKitTests.m in Sources */,
				9AD482DC1BDBF0A80053A83F /* NSError+KMQErrorCode.m in Sources */,
				9AD482F11BDD4F300053A83F /* NSDictionary+KMQToolKitTests.m in Sources */,
				9AD482E91BDD37CB0053A83F /* KMQValidatorTests.m in Sources */,
				9AD482EF1BDD4A9B0053A83F /* NSArray+KMQToolKitTests.m in Sources */,
			);
			runOnlyForDeploymentPostprocessing = 0;
		};
/* End PBXSourcesBuildPhase section */

/* Begin PBXTargetDependency section */
		9AD482C51BDBEDEE0053A83F /* PBXTargetDependency */ = {
			isa = PBXTargetDependency;
			target = 9AD482A91BDBEDED0053A83F /* KMQToolKitTests */;
			targetProxy = 9AD482C41BDBEDEE0053A83F /* PBXContainerItemProxy */;
		};
/* End PBXTargetDependency section */

/* Begin PBXVariantGroup section */
		9AD482B61BDBEDED0053A83F /* Main.storyboard */ = {
			isa = PBXVariantGroup;
			children = (
				9AD482B71BDBEDED0053A83F /* Base */,
			);
			name = Main.storyboard;
			sourceTree = "<group>";
		};
/* End PBXVariantGroup section */

/* Begin XCBuildConfiguration section */
		9AD482CA1BDBEDEE0053A83F /* Debug */ = {
			isa = XCBuildConfiguration;
			buildSettings = {
				ALWAYS_SEARCH_USER_PATHS = NO;
				CLANG_CXX_LANGUAGE_STANDARD = "gnu++0x";
				CLANG_CXX_LIBRARY = "libc++";
				CLANG_ENABLE_MODULES = YES;
				CLANG_ENABLE_OBJC_ARC = YES;
				CLANG_WARN_BOOL_CONVERSION = YES;
				CLANG_WARN_CONSTANT_CONVERSION = YES;
				CLANG_WARN_DIRECT_OBJC_ISA_USAGE = YES_ERROR;
				CLANG_WARN_EMPTY_BODY = YES;
				CLANG_WARN_ENUM_CONVERSION = YES;
				CLANG_WARN_INT_CONVERSION = YES;
				CLANG_WARN_OBJC_ROOT_CLASS = YES_ERROR;
				CLANG_WARN_UNREACHABLE_CODE = YES;
				CLANG_WARN__DUPLICATE_METHOD_MATCH = YES;
				"CODE_SIGN_IDENTITY[sdk=iphoneos*]" = "iPhone Developer";
				COPY_PHASE_STRIP = NO;
				DEBUG_INFORMATION_FORMAT = dwarf;
				ENABLE_STRICT_OBJC_MSGSEND = YES;
				ENABLE_TESTABILITY = YES;
				GCC_C_LANGUAGE_STANDARD = gnu99;
				GCC_DYNAMIC_NO_PIC = NO;
				GCC_NO_COMMON_BLOCKS = YES;
				GCC_OPTIMIZATION_LEVEL = 0;
				GCC_PREPROCESSOR_DEFINITIONS = (
					"DEBUG=1",
					"$(inherited)",
				);
				GCC_WARN_64_TO_32_BIT_CONVERSION = YES;
				GCC_WARN_ABOUT_RETURN_TYPE = YES_ERROR;
				GCC_WARN_UNDECLARED_SELECTOR = YES;
				GCC_WARN_UNINITIALIZED_AUTOS = YES_AGGRESSIVE;
				GCC_WARN_UNUSED_FUNCTION = YES;
				GCC_WARN_UNUSED_VARIABLE = YES;
				IPHONEOS_DEPLOYMENT_TARGET = 9.0;
				MTL_ENABLE_DEBUG_INFO = YES;
				ONLY_ACTIVE_ARCH = YES;
				SDKROOT = iphoneos;
				TARGETED_DEVICE_FAMILY = "1,2";
			};
			name = Debug;
		};
		9AD482CB1BDBEDEE0053A83F /* Release */ = {
			isa = XCBuildConfiguration;
			buildSettings = {
				ALWAYS_SEARCH_USER_PATHS = NO;
				CLANG_CXX_LANGUAGE_STANDARD = "gnu++0x";
				CLANG_CXX_LIBRARY = "libc++";
				CLANG_ENABLE_MODULES = YES;
				CLANG_ENABLE_OBJC_ARC = YES;
				CLANG_WARN_BOOL_CONVERSION = YES;
				CLANG_WARN_CONSTANT_CONVERSION = YES;
				CLANG_WARN_DIRECT_OBJC_ISA_USAGE = YES_ERROR;
				CLANG_WARN_EMPTY_BODY = YES;
				CLANG_WARN_ENUM_CONVERSION = YES;
				CLANG_WARN_INT_CONVERSION = YES;
				CLANG_WARN_OBJC_ROOT_CLASS = YES_ERROR;
				CLANG_WARN_UNREACHABLE_CODE = YES;
				CLANG_WARN__DUPLICATE_METHOD_MATCH = YES;
				"CODE_SIGN_IDENTITY[sdk=iphoneos*]" = "iPhone Developer";
				COPY_PHASE_STRIP = NO;
				DEBUG_INFORMATION_FORMAT = "dwarf-with-dsym";
				ENABLE_NS_ASSERTIONS = NO;
				ENABLE_STRICT_OBJC_MSGSEND = YES;
				GCC_C_LANGUAGE_STANDARD = gnu99;
				GCC_NO_COMMON_BLOCKS = YES;
				GCC_WARN_64_TO_32_BIT_CONVERSION = YES;
				GCC_WARN_ABOUT_RETURN_TYPE = YES_ERROR;
				GCC_WARN_UNDECLARED_SELECTOR = YES;
				GCC_WARN_UNINITIALIZED_AUTOS = YES_AGGRESSIVE;
				GCC_WARN_UNUSED_FUNCTION = YES;
				GCC_WARN_UNUSED_VARIABLE = YES;
				IPHONEOS_DEPLOYMENT_TARGET = 9.0;
				MTL_ENABLE_DEBUG_INFO = NO;
				SDKROOT = iphoneos;
				TARGETED_DEVICE_FAMILY = "1,2";
				VALIDATE_PRODUCT = YES;
			};
			name = Release;
		};
		9AD482CD1BDBEDEE0053A83F /* Debug */ = {
			isa = XCBuildConfiguration;
			buildSettings = {
				ASSETCATALOG_COMPILER_APPICON_NAME = AppIcon;
				INFOPLIST_FILE = KMQToolKitTests/Info.plist;
				LD_RUNPATH_SEARCH_PATHS = "$(inherited) @executable_path/Frameworks";
				PRODUCT_BUNDLE_IDENTIFIER = com.kumiq.KMQToolKitTests;
				PRODUCT_NAME = "$(TARGET_NAME)";
			};
			name = Debug;
		};
		9AD482CE1BDBEDEE0053A83F /* Release */ = {
			isa = XCBuildConfiguration;
			buildSettings = {
				ASSETCATALOG_COMPILER_APPICON_NAME = AppIcon;
				INFOPLIST_FILE = KMQToolKitTests/Info.plist;
				LD_RUNPATH_SEARCH_PATHS = "$(inherited) @executable_path/Frameworks";
				PRODUCT_BUNDLE_IDENTIFIER = com.kumiq.KMQToolKitTests;
				PRODUCT_NAME = "$(TARGET_NAME)";
			};
			name = Release;
		};
		9AD482D01BDBEDEE0053A83F /* Debug */ = {
			isa = XCBuildConfiguration;
			baseConfigurationReference = A65D14730581E86B06366530 /* Pods-KMQToolKitTestsTests.debug.xcconfig */;
			buildSettings = {
				BUNDLE_LOADER = "$(TEST_HOST)";
				INFOPLIST_FILE = KMQToolKitTestsTests/Info.plist;
				LD_RUNPATH_SEARCH_PATHS = "$(inherited) @executable_path/Frameworks @loader_path/Frameworks";
				PRODUCT_BUNDLE_IDENTIFIER = com.kumiq.KMQToolKitTestsTests;
				PRODUCT_NAME = "$(TARGET_NAME)";
				TEST_HOST = "$(BUILT_PRODUCTS_DIR)/KMQToolKitTests.app/KMQToolKitTests";
			};
			name = Debug;
		};
		9AD482D11BDBEDEE0053A83F /* Release */ = {
			isa = XCBuildConfiguration;
			baseConfigurationReference = 7209E093FE27351EFB4A52D0 /* Pods-KMQToolKitTestsTests.release.xcconfig */;
			buildSettings = {
				BUNDLE_LOADER = "$(TEST_HOST)";
				INFOPLIST_FILE = KMQToolKitTestsTests/Info.plist;
				LD_RUNPATH_SEARCH_PATHS = "$(inherited) @executable_path/Frameworks @loader_path/Frameworks";
				PRODUCT_BUNDLE_IDENTIFIER = com.kumiq.KMQToolKitTestsTests;
				PRODUCT_NAME = "$(TARGET_NAME)";
				TEST_HOST = "$(BUILT_PRODUCTS_DIR)/KMQToolKitTests.app/KMQToolKitTests";
			};
			name = Release;
		};
/* End XCBuildConfiguration section */

/* Begin XCConfigurationList section */
		9AD482A51BDBEDED0053A83F /* Build configuration list for PBXProject "KMQToolKitTests" */ = {
			isa = XCConfigurationList;
			buildConfigurations = (
				9AD482CA1BDBEDEE0053A83F /* Debug */,
				9AD482CB1BDBEDEE0053A83F /* Release */,
			);
			defaultConfigurationIsVisible = 0;
			defaultConfigurationName = Release;
		};
		9AD482CC1BDBEDEE0053A83F /* Build configuration list for PBXNativeTarget "KMQToolKitTests" */ = {
			isa = XCConfigurationList;
			buildConfigurations = (
				9AD482CD1BDBEDEE0053A83F /* Debug */,
				9AD482CE1BDBEDEE0053A83F /* Release */,
			);
			defaultConfigurationIsVisible = 0;
			defaultConfigurationName = Release;
		};
		9AD482CF1BDBEDEE0053A83F /* Build configuration list for PBXNativeTarget "KMQToolKitTestsTests" */ = {
			isa = XCConfigurationList;
			buildConfigurations = (
				9AD482D01BDBEDEE0053A83F /* Debug */,
				9AD482D11BDBEDEE0053A83F /* Release */,
			);
			defaultConfigurationIsVisible = 0;
			defaultConfigurationName = Release;
		};
/* End XCConfigurationList section */
	};
	rootObject = 9AD482A21BDBEDED0053A83F /* Project object */;
}
